// !$*UTF8*$!
{
	archiveVersion = 1;
	classes = {
	};
	objectVersion = 46;
	objects = {

/* Begin PBXBuildFile section */
		6F0754121CE0506700F7BB95 /* AppDelegate.swift in Sources */ = {isa = PBXBuildFile; fileRef = 6F0754111CE0506700F7BB95 /* AppDelegate.swift */; };
		6F0754141CE0506700F7BB95 /* ViewController.swift in Sources */ = {isa = PBXBuildFile; fileRef = 6F0754131CE0506700F7BB95 /* ViewController.swift */; };
		6F0754171CE0506700F7BB95 /* Main.storyboard in Resources */ = {isa = PBXBuildFile; fileRef = 6F0754151CE0506700F7BB95 /* Main.storyboard */; };
		6F0754191CE0506700F7BB95 /* Images.xcassets in Resources */ = {isa = PBXBuildFile; fileRef = 6F0754181CE0506700F7BB95 /* Images.xcassets */; };
		6F07541C1CE0506700F7BB95 /* LaunchScreen.storyboard in Resources */ = {isa = PBXBuildFile; fileRef = 6F07541A1CE0506700F7BB95 /* LaunchScreen.storyboard */; };
		6F0754271CE0506700F7BB95 /* KARestaurantTests.swift in Sources */ = {isa = PBXBuildFile; fileRef = 6F0754261CE0506700F7BB95 /* KARestaurantTests.swift */; };
		6F0754321CE0506700F7BB95 /* KARestaurantUITests.swift in Sources */ = {isa = PBXBuildFile; fileRef = 6F0754311CE0506700F7BB95 /* KARestaurantUITests.swift */; };
		6F0754441CE0510300F7BB95 /* AddViewController.swift in Sources */ = {isa = PBXBuildFile; fileRef = 6F07543F1CE0510300F7BB95 /* AddViewController.swift */; };
		6F0754481CE0510400F7BB95 /* Restaurant.swift in Sources */ = {isa = PBXBuildFile; fileRef = 6F0754431CE0510300F7BB95 /* Restaurant.swift */; };
		6F4DE9B81CE4116400B68597 /* User.swift in Sources */ = {isa = PBXBuildFile; fileRef = 6F4DE9B71CE4116400B68597 /* User.swift */; };
		6F4DE9BB1CE4561800B68597 /* ConnectionManager.swift in Sources */ = {isa = PBXBuildFile; fileRef = 6F4DE9BA1CE4561800B68597 /* ConnectionManager.swift */; };
		6F4DE9BE1CE46CEE00B68597 /* readme-resource in Resources */ = {isa = PBXBuildFile; fileRef = 6F4DE9BD1CE46CEE00B68597 /* readme-resource */; };
		6F4DE9C01CE46D6800B68597 /* readme-utility in Resources */ = {isa = PBXBuildFile; fileRef = 6F4DE9BF1CE46D6800B68597 /* readme-utility */; };
		6F4DE9C31CE474B700B68597 /* readme-services in Resources */ = {isa = PBXBuildFile; fileRef = 6F4DE9C21CE474B700B68597 /* readme-services */; };
		6F4DE9C51CE475EE00B68597 /* readme-view in Resources */ = {isa = PBXBuildFile; fileRef = 6F4DE9C41CE475EE00B68597 /* readme-view */; };
		6F4DE9C71CE4769100B68597 /* readme-model in Resources */ = {isa = PBXBuildFile; fileRef = 6F4DE9C61CE4769100B68597 /* readme-model */; };
		6F4DE9C91CE476D300B68597 /* readme-controller in Resources */ = {isa = PBXBuildFile; fileRef = 6F4DE9C81CE476D300B68597 /* readme-controller */; };
		6F4DE9CB1CE4834000B68597 /* Constant.swift in Sources */ = {isa = PBXBuildFile; fileRef = 6F4DE9CA1CE4834000B68597 /* Constant.swift */; };
		6F8CFED11CFD30AC0040CE06 /* ListRestaurantTableViewController.swift in Sources */ = {isa = PBXBuildFile; fileRef = 6F8CFED01CFD30AC0040CE06 /* ListRestaurantTableViewController.swift */; };
		6F8CFED31CFD31830040CE06 /* ListRestaurantTableViewCell.swift in Sources */ = {isa = PBXBuildFile; fileRef = 6F8CFED21CFD31830040CE06 /* ListRestaurantTableViewCell.swift */; };
		6F9C2B521CE16CFE0058A479 /* User.storyboard in Resources */ = {isa = PBXBuildFile; fileRef = 6F9C2B511CE16CFE0058A479 /* User.storyboard */; };
		6FBE93751CF7F24600211447 /* AddRestaurantTableViewController.swift in Sources */ = {isa = PBXBuildFile; fileRef = 6FBE93741CF7F24600211447 /* AddRestaurantTableViewController.swift */; };
		6FBE93771CF7F53800211447 /* EditRestaurantTableViewController.swift in Sources */ = {isa = PBXBuildFile; fileRef = 6FBE93761CF7F53800211447 /* EditRestaurantTableViewController.swift */; };
		6FC92B241CFBDF3C004FEA6F /* CustomCamera.swift in Sources */ = {isa = PBXBuildFile; fileRef = 6FC92B231CFBDF3C004FEA6F /* CustomCamera.swift */; };
		6FE694861CEAB12A009A295D /* LoginAndSignUpTableVC.swift in Sources */ = {isa = PBXBuildFile; fileRef = 6FE694851CEAB12A009A295D /* LoginAndSignUpTableVC.swift */; };
		6FE8BD601CEDB03900C4CDDB /* ResponseRestaurant.swift in Sources */ = {isa = PBXBuildFile; fileRef = 6FE8BD5F1CEDB03900C4CDDB /* ResponseRestaurant.swift */; };
		6FE8BD621CEDCCEE00C4CDDB /* ImageUpload.swift in Sources */ = {isa = PBXBuildFile; fileRef = 6FE8BD611CEDCCEE00C4CDDB /* ImageUpload.swift */; };
		AAE5891EBAAF7B9B2D9C75C4 /* Pods_KARestaurant.framework in Frameworks */ = {isa = PBXBuildFile; fileRef = 52B5004819D95C92C7737650 /* Pods_KARestaurant.framework */; };
		DD1367661CE18BAD00658692 /* CustomCell.swift in Sources */ = {isa = PBXBuildFile; fileRef = DD1367651CE18BAD00658692 /* CustomCell.swift */; };
/* End PBXBuildFile section */

/* Begin PBXContainerItemProxy section */
		6F0754231CE0506700F7BB95 /* PBXContainerItemProxy */ = {
			isa = PBXContainerItemProxy;
			containerPortal = 6F0754061CE0506700F7BB95 /* Project object */;
			proxyType = 1;
			remoteGlobalIDString = 6F07540D1CE0506700F7BB95;
			remoteInfo = KARestaurant;
		};
		6F07542E1CE0506700F7BB95 /* PBXContainerItemProxy */ = {
			isa = PBXContainerItemProxy;
			containerPortal = 6F0754061CE0506700F7BB95 /* Project object */;
			proxyType = 1;
			remoteGlobalIDString = 6F07540D1CE0506700F7BB95;
			remoteInfo = KARestaurant;
		};
/* End PBXContainerItemProxy section */

/* Begin PBXFileReference section */
		52B5004819D95C92C7737650 /* Pods_KARestaurant.framework */ = {isa = PBXFileReference; explicitFileType = wrapper.framework; includeInIndex = 0; path = Pods_KARestaurant.framework; sourceTree = BUILT_PRODUCTS_DIR; };
		6F07540E1CE0506700F7BB95 /* KARestaurant.app */ = {isa = PBXFileReference; explicitFileType = wrapper.application; includeInIndex = 0; path = KARestaurant.app; sourceTree = BUILT_PRODUCTS_DIR; };
		6F0754111CE0506700F7BB95 /* AppDelegate.swift */ = {isa = PBXFileReference; lastKnownFileType = sourcecode.swift; path = AppDelegate.swift; sourceTree = "<group>"; };
		6F0754131CE0506700F7BB95 /* ViewController.swift */ = {isa = PBXFileReference; lastKnownFileType = sourcecode.swift; path = ViewController.swift; sourceTree = "<group>"; };
		6F0754161CE0506700F7BB95 /* Base */ = {isa = PBXFileReference; lastKnownFileType = file.storyboard; name = Base; path = Base.lproj/Main.storyboard; sourceTree = "<group>"; };
		6F0754181CE0506700F7BB95 /* Images.xcassets */ = {isa = PBXFileReference; lastKnownFileType = folder.assetcatalog; path = Images.xcassets; sourceTree = "<group>"; };
		6F07541B1CE0506700F7BB95 /* Base */ = {isa = PBXFileReference; lastKnownFileType = file.storyboard; name = Base; path = Base.lproj/LaunchScreen.storyboard; sourceTree = "<group>"; };
		6F07541D1CE0506700F7BB95 /* Info.plist */ = {isa = PBXFileReference; lastKnownFileType = text.plist.xml; path = Info.plist; sourceTree = "<group>"; };
		6F0754221CE0506700F7BB95 /* KARestaurantTests.xctest */ = {isa = PBXFileReference; explicitFileType = wrapper.cfbundle; includeInIndex = 0; path = KARestaurantTests.xctest; sourceTree = BUILT_PRODUCTS_DIR; };
		6F0754261CE0506700F7BB95 /* KARestaurantTests.swift */ = {isa = PBXFileReference; lastKnownFileType = sourcecode.swift; path = KARestaurantTests.swift; sourceTree = "<group>"; };
		6F0754281CE0506700F7BB95 /* Info.plist */ = {isa = PBXFileReference; lastKnownFileType = text.plist.xml; path = Info.plist; sourceTree = "<group>"; };
		6F07542D1CE0506700F7BB95 /* KARestaurantUITests.xctest */ = {isa = PBXFileReference; explicitFileType = wrapper.cfbundle; includeInIndex = 0; path = KARestaurantUITests.xctest; sourceTree = BUILT_PRODUCTS_DIR; };
		6F0754311CE0506700F7BB95 /* KARestaurantUITests.swift */ = {isa = PBXFileReference; lastKnownFileType = sourcecode.swift; path = KARestaurantUITests.swift; sourceTree = "<group>"; };
		6F0754331CE0506700F7BB95 /* Info.plist */ = {isa = PBXFileReference; lastKnownFileType = text.plist.xml; path = Info.plist; sourceTree = "<group>"; };
		6F07543F1CE0510300F7BB95 /* AddViewController.swift */ = {isa = PBXFileReference; fileEncoding = 4; lastKnownFileType = sourcecode.swift; path = AddViewController.swift; sourceTree = "<group>"; };
		6F0754431CE0510300F7BB95 /* Restaurant.swift */ = {isa = PBXFileReference; fileEncoding = 4; lastKnownFileType = sourcecode.swift; path = Restaurant.swift; sourceTree = "<group>"; };
		6F4DE9B71CE4116400B68597 /* User.swift */ = {isa = PBXFileReference; fileEncoding = 4; lastKnownFileType = sourcecode.swift; path = User.swift; sourceTree = "<group>"; };
		6F4DE9BA1CE4561800B68597 /* ConnectionManager.swift */ = {isa = PBXFileReference; fileEncoding = 4; lastKnownFileType = sourcecode.swift; path = ConnectionManager.swift; sourceTree = "<group>"; };
		6F4DE9BD1CE46CEE00B68597 /* readme-resource */ = {isa = PBXFileReference; fileEncoding = 4; lastKnownFileType = text; path = "readme-resource"; sourceTree = "<group>"; };
		6F4DE9BF1CE46D6800B68597 /* readme-utility */ = {isa = PBXFileReference; fileEncoding = 4; lastKnownFileType = text; path = "readme-utility"; sourceTree = "<group>"; };
		6F4DE9C21CE474B700B68597 /* readme-services */ = {isa = PBXFileReference; fileEncoding = 4; lastKnownFileType = text; path = "readme-services"; sourceTree = "<group>"; };
		6F4DE9C41CE475EE00B68597 /* readme-view */ = {isa = PBXFileReference; fileEncoding = 4; lastKnownFileType = text; path = "readme-view"; sourceTree = "<group>"; };
		6F4DE9C61CE4769100B68597 /* readme-model */ = {isa = PBXFileReference; fileEncoding = 4; lastKnownFileType = text; path = "readme-model"; sourceTree = "<group>"; };
		6F4DE9C81CE476D300B68597 /* readme-controller */ = {isa = PBXFileReference; fileEncoding = 4; lastKnownFileType = text; path = "readme-controller"; sourceTree = "<group>"; };
		6F4DE9CA1CE4834000B68597 /* Constant.swift */ = {isa = PBXFileReference; fileEncoding = 4; lastKnownFileType = sourcecode.swift; path = Constant.swift; sourceTree = "<group>"; };
		6F8CFED01CFD30AC0040CE06 /* ListRestaurantTableViewController.swift */ = {isa = PBXFileReference; fileEncoding = 4; lastKnownFileType = sourcecode.swift; path = ListRestaurantTableViewController.swift; sourceTree = "<group>"; };
		6F8CFED21CFD31830040CE06 /* ListRestaurantTableViewCell.swift */ = {isa = PBXFileReference; fileEncoding = 4; lastKnownFileType = sourcecode.swift; path = ListRestaurantTableViewCell.swift; sourceTree = "<group>"; };
		6F9C2B511CE16CFE0058A479 /* User.storyboard */ = {isa = PBXFileReference; fileEncoding = 4; lastKnownFileType = file.storyboard; path = User.storyboard; sourceTree = "<group>"; };
		6FBE93741CF7F24600211447 /* AddRestaurantTableViewController.swift */ = {isa = PBXFileReference; fileEncoding = 4; lastKnownFileType = sourcecode.swift; path = AddRestaurantTableViewController.swift; sourceTree = "<group>"; };
		6FBE93761CF7F53800211447 /* EditRestaurantTableViewController.swift */ = {isa = PBXFileReference; fileEncoding = 4; lastKnownFileType = sourcecode.swift; path = EditRestaurantTableViewController.swift; sourceTree = "<group>"; };
		6FC92B231CFBDF3C004FEA6F /* CustomCamera.swift */ = {isa = PBXFileReference; fileEncoding = 4; lastKnownFileType = sourcecode.swift; path = CustomCamera.swift; sourceTree = "<group>"; };
		6FE694851CEAB12A009A295D /* LoginAndSignUpTableVC.swift */ = {isa = PBXFileReference; fileEncoding = 4; lastKnownFileType = sourcecode.swift; path = LoginAndSignUpTableVC.swift; sourceTree = "<group>"; };
		6FE8BD5F1CEDB03900C4CDDB /* ResponseRestaurant.swift */ = {isa = PBXFileReference; fileEncoding = 4; lastKnownFileType = sourcecode.swift; path = ResponseRestaurant.swift; sourceTree = "<group>"; };
		6FE8BD611CEDCCEE00C4CDDB /* ImageUpload.swift */ = {isa = PBXFileReference; fileEncoding = 4; lastKnownFileType = sourcecode.swift; path = ImageUpload.swift; sourceTree = "<group>"; };
		829D481180FBB97F0A76979C /* Pods-KARestaurant.debug.xcconfig */ = {isa = PBXFileReference; includeInIndex = 1; lastKnownFileType = text.xcconfig; name = "Pods-KARestaurant.debug.xcconfig"; path = "Pods/Target Support Files/Pods-KARestaurant/Pods-KARestaurant.debug.xcconfig"; sourceTree = "<group>"; };
		BBF7508860EC2A71E4FEF057 /* Pods-KARestaurant.release.xcconfig */ = {isa = PBXFileReference; includeInIndex = 1; lastKnownFileType = text.xcconfig; name = "Pods-KARestaurant.release.xcconfig"; path = "Pods/Target Support Files/Pods-KARestaurant/Pods-KARestaurant.release.xcconfig"; sourceTree = "<group>"; };
		DD1367651CE18BAD00658692 /* CustomCell.swift */ = {isa = PBXFileReference; fileEncoding = 4; lastKnownFileType = sourcecode.swift; path = CustomCell.swift; sourceTree = "<group>"; };
/* End PBXFileReference section */

/* Begin PBXFrameworksBuildPhase section */
		6F07540B1CE0506700F7BB95 /* Frameworks */ = {
			isa = PBXFrameworksBuildPhase;
			buildActionMask = 2147483647;
			files = (
				AAE5891EBAAF7B9B2D9C75C4 /* Pods_KARestaurant.framework in Frameworks */,
			);
			runOnlyForDeploymentPostprocessing = 0;
		};
		6F07541F1CE0506700F7BB95 /* Frameworks */ = {
			isa = PBXFrameworksBuildPhase;
			buildActionMask = 2147483647;
			files = (
			);
			runOnlyForDeploymentPostprocessing = 0;
		};
		6F07542A1CE0506700F7BB95 /* Frameworks */ = {
			isa = PBXFrameworksBuildPhase;
			buildActionMask = 2147483647;
			files = (
			);
			runOnlyForDeploymentPostprocessing = 0;
		};
/* End PBXFrameworksBuildPhase section */

/* Begin PBXGroup section */
		0C658B7ACAAA6F98619A6FE1 /* Pods */ = {
			isa = PBXGroup;
			children = (
				829D481180FBB97F0A76979C /* Pods-KARestaurant.debug.xcconfig */,
				BBF7508860EC2A71E4FEF057 /* Pods-KARestaurant.release.xcconfig */,
			);
			name = Pods;
			sourceTree = "<group>";
		};
		46936417DDBA1AF51BB21E17 /* Frameworks */ = {
			isa = PBXGroup;
			children = (
				52B5004819D95C92C7737650 /* Pods_KARestaurant.framework */,
			);
			name = Frameworks;
			sourceTree = "<group>";
		};
		6F0754051CE0506700F7BB95 = {
			isa = PBXGroup;
			children = (
				6F0754101CE0506700F7BB95 /* KARestaurant */,
				6F0754251CE0506700F7BB95 /* KARestaurantTests */,
				6F0754301CE0506700F7BB95 /* KARestaurantUITests */,
				6F07540F1CE0506700F7BB95 /* Products */,
				0C658B7ACAAA6F98619A6FE1 /* Pods */,
				46936417DDBA1AF51BB21E17 /* Frameworks */,
			);
			sourceTree = "<group>";
		};
		6F07540F1CE0506700F7BB95 /* Products */ = {
			isa = PBXGroup;
			children = (
				6F07540E1CE0506700F7BB95 /* KARestaurant.app */,
				6F0754221CE0506700F7BB95 /* KARestaurantTests.xctest */,
				6F07542D1CE0506700F7BB95 /* KARestaurantUITests.xctest */,
			);
			name = Products;
			sourceTree = "<group>";
		};
		6F0754101CE0506700F7BB95 /* KARestaurant */ = {
			isa = PBXGroup;
			children = (
				6F3C432C1CE0887D007EEAB7 /* Application */,
				6F4DE9B01CE410F400B68597 /* Model */,
				6F4DE9B11CE4110500B68597 /* View */,
				6F4DE9B21CE4110B00B68597 /* Controller */,
				6F4DE9BC1CE46A7700B68597 /* Utility */,
				6F4DE9B41CE4111E00B68597 /* Services */,
				6F4DE9B31CE4111200B68597 /* Resources */,
				6F3C432D1CE088D2007EEAB7 /* Supporting Files */,
			);
			path = KARestaurant;
			sourceTree = "<group>";
		};
		6F0754251CE0506700F7BB95 /* KARestaurantTests */ = {
			isa = PBXGroup;
			children = (
				6F0754261CE0506700F7BB95 /* KARestaurantTests.swift */,
				6F0754281CE0506700F7BB95 /* Info.plist */,
			);
			path = KARestaurantTests;
			sourceTree = "<group>";
		};
		6F0754301CE0506700F7BB95 /* KARestaurantUITests */ = {
			isa = PBXGroup;
			children = (
				6F0754311CE0506700F7BB95 /* KARestaurantUITests.swift */,
				6F0754331CE0506700F7BB95 /* Info.plist */,
			);
			path = KARestaurantUITests;
			sourceTree = "<group>";
		};
		6F3C432C1CE0887D007EEAB7 /* Application */ = {
			isa = PBXGroup;
			children = (
				6F0754111CE0506700F7BB95 /* AppDelegate.swift */,
			);
			name = Application;
			sourceTree = "<group>";
		};
		6F3C432D1CE088D2007EEAB7 /* Supporting Files */ = {
			isa = PBXGroup;
			children = (
				6F07541D1CE0506700F7BB95 /* Info.plist */,
			);
			name = "Supporting Files";
			sourceTree = "<group>";
		};
		6F3C432E1CE08952007EEAB7 /* Login and Signup Controllers */ = {
			isa = PBXGroup;
			children = (
				6FE694851CEAB12A009A295D /* LoginAndSignUpTableVC.swift */,
			);
			name = "Login and Signup Controllers";
			sourceTree = "<group>";
		};
		6F4DE9B01CE410F400B68597 /* Model */ = {
			isa = PBXGroup;
			children = (
				6F4DE9C61CE4769100B68597 /* readme-model */,
				6F4DE9B71CE4116400B68597 /* User.swift */,
				6FE8BD5F1CEDB03900C4CDDB /* ResponseRestaurant.swift */,
				6F0754431CE0510300F7BB95 /* Restaurant.swift */,
				6FE8BD611CEDCCEE00C4CDDB /* ImageUpload.swift */,
			);
			name = Model;
			sourceTree = "<group>";
		};
		6F4DE9B11CE4110500B68597 /* View */ = {
			isa = PBXGroup;
			children = (
				6F4DE9C41CE475EE00B68597 /* readme-view */,
				6F4DE9C11CE4746E00B68597 /* Storyboard */,
				DD1367641CE18B9C00658692 /* Custom cell */,
			);
			name = View;
			sourceTree = "<group>";
		};
		6F4DE9B21CE4110B00B68597 /* Controller */ = {
			isa = PBXGroup;
			children = (
				6F4DE9C81CE476D300B68597 /* readme-controller */,
				6F70EA371CF539AA00A4E45A /* Restaurant Controller */,
				6F3C432E1CE08952007EEAB7 /* Login and Signup Controllers */,
				6F0754131CE0506700F7BB95 /* ViewController.swift */,
			);
			name = Controller;
			sourceTree = "<group>";
		};
		6F4DE9B31CE4111200B68597 /* Resources */ = {
			isa = PBXGroup;
			children = (
				6F4DE9BD1CE46CEE00B68597 /* readme-resource */,
				6F0754181CE0506700F7BB95 /* Images.xcassets */,
			);
			name = Resources;
			sourceTree = "<group>";
		};
		6F4DE9B41CE4111E00B68597 /* Services */ = {
			isa = PBXGroup;
			children = (
				6F4DE9C21CE474B700B68597 /* readme-services */,
				6F4DE9BA1CE4561800B68597 /* ConnectionManager.swift */,
			);
			name = Services;
			sourceTree = "<group>";
		};
		6F4DE9BC1CE46A7700B68597 /* Utility */ = {
			isa = PBXGroup;
			children = (
				6F4DE9BF1CE46D6800B68597 /* readme-utility */,
				6FC92B231CFBDF3C004FEA6F /* CustomCamera.swift */,
				6F4DE9CA1CE4834000B68597 /* Constant.swift */,
			);
			name = Utility;
			sourceTree = "<group>";
		};
		6F4DE9C11CE4746E00B68597 /* Storyboard */ = {
			isa = PBXGroup;
			children = (
				6F07541A1CE0506700F7BB95 /* LaunchScreen.storyboard */,
				6F0754151CE0506700F7BB95 /* Main.storyboard */,
				6F9C2B511CE16CFE0058A479 /* User.storyboard */,
			);
			name = Storyboard;
			sourceTree = "<group>";
		};
		6F70EA371CF539AA00A4E45A /* Restaurant Controller */ = {
			isa = PBXGroup;
			children = (
				6F8CFED01CFD30AC0040CE06 /* ListRestaurantTableViewController.swift */,
				6F07543F1CE0510300F7BB95 /* AddViewController.swift */,
				6FBE93741CF7F24600211447 /* AddRestaurantTableViewController.swift */,
				6FBE93761CF7F53800211447 /* EditRestaurantTableViewController.swift */,
			);
			name = "Restaurant Controller";
			sourceTree = "<group>";
		};
		DD1367641CE18B9C00658692 /* Custom cell */ = {
			isa = PBXGroup;
			children = (
				DD1367651CE18BAD00658692 /* CustomCell.swift */,
				6F8CFED21CFD31830040CE06 /* ListRestaurantTableViewCell.swift */,
			);
			name = "Custom cell";
			sourceTree = "<group>";
		};
/* End PBXGroup section */

/* Begin PBXNativeTarget section */
		6F07540D1CE0506700F7BB95 /* KARestaurant */ = {
			isa = PBXNativeTarget;
			buildConfigurationList = 6F0754361CE0506700F7BB95 /* Build configuration list for PBXNativeTarget "KARestaurant" */;
			buildPhases = (
				84232126DE19AE97AFDFB68A /* Check Pods Manifest.lock */,
				6F07540A1CE0506700F7BB95 /* Sources */,
				6F07540B1CE0506700F7BB95 /* Frameworks */,
				6F07540C1CE0506700F7BB95 /* Resources */,
				6F038A9FFB9BC4F9981FDE53 /* Embed Pods Frameworks */,
				5A5EDE2262104023A55D1DA4 /* Copy Pods Resources */,
			);
			buildRules = (
			);
			dependencies = (
			);
			name = KARestaurant;
			productName = KARestaurant;
			productReference = 6F07540E1CE0506700F7BB95 /* KARestaurant.app */;
			productType = "com.apple.product-type.application";
		};
		6F0754211CE0506700F7BB95 /* KARestaurantTests */ = {
			isa = PBXNativeTarget;
			buildConfigurationList = 6F0754391CE0506700F7BB95 /* Build configuration list for PBXNativeTarget "KARestaurantTests" */;
			buildPhases = (
				6F07541E1CE0506700F7BB95 /* Sources */,
				6F07541F1CE0506700F7BB95 /* Frameworks */,
				6F0754201CE0506700F7BB95 /* Resources */,
			);
			buildRules = (
			);
			dependencies = (
				6F0754241CE0506700F7BB95 /* PBXTargetDependency */,
			);
			name = KARestaurantTests;
			productName = KARestaurantTests;
			productReference = 6F0754221CE0506700F7BB95 /* KARestaurantTests.xctest */;
			productType = "com.apple.product-type.bundle.unit-test";
		};
		6F07542C1CE0506700F7BB95 /* KARestaurantUITests */ = {
			isa = PBXNativeTarget;
			buildConfigurationList = 6F07543C1CE0506700F7BB95 /* Build configuration list for PBXNativeTarget "KARestaurantUITests" */;
			buildPhases = (
				6F0754291CE0506700F7BB95 /* Sources */,
				6F07542A1CE0506700F7BB95 /* Frameworks */,
				6F07542B1CE0506700F7BB95 /* Resources */,
			);
			buildRules = (
			);
			dependencies = (
				6F07542F1CE0506700F7BB95 /* PBXTargetDependency */,
			);
			name = KARestaurantUITests;
			productName = KARestaurantUITests;
			productReference = 6F07542D1CE0506700F7BB95 /* KARestaurantUITests.xctest */;
			productType = "com.apple.product-type.bundle.ui-testing";
		};
/* End PBXNativeTarget section */

/* Begin PBXProject section */
		6F0754061CE0506700F7BB95 /* Project object */ = {
			isa = PBXProject;
			attributes = {
				LastSwiftUpdateCheck = 0730;
				LastUpgradeCheck = 0730;
				ORGANIZATIONNAME = KARestaurant;
				TargetAttributes = {
					6F07540D1CE0506700F7BB95 = {
						CreatedOnToolsVersion = 7.3;
						SystemCapabilities = {
							com.apple.BackgroundModes = {
								enabled = 0;
							};
						};
					};
					6F0754211CE0506700F7BB95 = {
						CreatedOnToolsVersion = 7.3;
						TestTargetID = 6F07540D1CE0506700F7BB95;
					};
					6F07542C1CE0506700F7BB95 = {
						CreatedOnToolsVersion = 7.3;
						TestTargetID = 6F07540D1CE0506700F7BB95;
					};
				};
			};
			buildConfigurationList = 6F0754091CE0506700F7BB95 /* Build configuration list for PBXProject "KARestaurant" */;
			compatibilityVersion = "Xcode 3.2";
			developmentRegion = English;
			hasScannedForEncodings = 0;
			knownRegions = (
				en,
				Base,
			);
			mainGroup = 6F0754051CE0506700F7BB95;
			productRefGroup = 6F07540F1CE0506700F7BB95 /* Products */;
			projectDirPath = "";
			projectRoot = "";
			targets = (
				6F07540D1CE0506700F7BB95 /* KARestaurant */,
				6F0754211CE0506700F7BB95 /* KARestaurantTests */,
				6F07542C1CE0506700F7BB95 /* KARestaurantUITests */,
			);
		};
/* End PBXProject section */

/* Begin PBXResourcesBuildPhase section */
		6F07540C1CE0506700F7BB95 /* Resources */ = {
			isa = PBXResourcesBuildPhase;
			buildActionMask = 2147483647;
			files = (
				6F4DE9C31CE474B700B68597 /* readme-services in Resources */,
				6F4DE9C51CE475EE00B68597 /* readme-view in Resources */,
				6F4DE9BE1CE46CEE00B68597 /* readme-resource in Resources */,
				6F07541C1CE0506700F7BB95 /* LaunchScreen.storyboard in Resources */,
				6F9C2B521CE16CFE0058A479 /* User.storyboard in Resources */,
				6F4DE9C71CE4769100B68597 /* readme-model in Resources */,
				6F4DE9C91CE476D300B68597 /* readme-controller in Resources */,
				6F0754191CE0506700F7BB95 /* Images.xcassets in Resources */,
				6F0754171CE0506700F7BB95 /* Main.storyboard in Resources */,
				6F4DE9C01CE46D6800B68597 /* readme-utility in Resources */,
			);
			runOnlyForDeploymentPostprocessing = 0;
		};
		6F0754201CE0506700F7BB95 /* Resources */ = {
			isa = PBXResourcesBuildPhase;
			buildActionMask = 2147483647;
			files = (
			);
			runOnlyForDeploymentPostprocessing = 0;
		};
		6F07542B1CE0506700F7BB95 /* Resources */ = {
			isa = PBXResourcesBuildPhase;
			buildActionMask = 2147483647;
			files = (
			);
			runOnlyForDeploymentPostprocessing = 0;
		};
/* End PBXResourcesBuildPhase section */

/* Begin PBXShellScriptBuildPhase section */
		5A5EDE2262104023A55D1DA4 /* Copy Pods Resources */ = {
			isa = PBXShellScriptBuildPhase;
			buildActionMask = 2147483647;
			files = (
			);
			inputPaths = (
			);
			name = "Copy Pods Resources";
			outputPaths = (
			);
			runOnlyForDeploymentPostprocessing = 0;
			shellPath = /bin/sh;
			shellScript = "\"${SRCROOT}/Pods/Target Support Files/Pods-KARestaurant/Pods-KARestaurant-resources.sh\"\n";
			showEnvVarsInLog = 0;
		};
		6F038A9FFB9BC4F9981FDE53 /* Embed Pods Frameworks */ = {
			isa = PBXShellScriptBuildPhase;
			buildActionMask = 2147483647;
			files = (
			);
			inputPaths = (
			);
			name = "Embed Pods Frameworks";
			outputPaths = (
			);
			runOnlyForDeploymentPostprocessing = 0;
			shellPath = /bin/sh;
			shellScript = "\"${SRCROOT}/Pods/Target Support Files/Pods-KARestaurant/Pods-KARestaurant-frameworks.sh\"\n";
			showEnvVarsInLog = 0;
		};
		84232126DE19AE97AFDFB68A /* Check Pods Manifest.lock */ = {
			isa = PBXShellScriptBuildPhase;
			buildActionMask = 2147483647;
			files = (
			);
			inputPaths = (
			);
			name = "Check Pods Manifest.lock";
			outputPaths = (
			);
			runOnlyForDeploymentPostprocessing = 0;
			shellPath = /bin/sh;
			shellScript = "diff \"${PODS_ROOT}/../Podfile.lock\" \"${PODS_ROOT}/Manifest.lock\" > /dev/null\nif [[ $? != 0 ]] ; then\n    cat << EOM\nerror: The sandbox is not in sync with the Podfile.lock. Run 'pod install' or update your CocoaPods installation.\nEOM\n    exit 1\nfi\n";
			showEnvVarsInLog = 0;
		};
/* End PBXShellScriptBuildPhase section */

/* Begin PBXSourcesBuildPhase section */
		6F07540A1CE0506700F7BB95 /* Sources */ = {
			isa = PBXSourcesBuildPhase;
			buildActionMask = 2147483647;
			files = (
				6F0754141CE0506700F7BB95 /* ViewController.swift in Sources */,
				6FC92B241CFBDF3C004FEA6F /* CustomCamera.swift in Sources */,
				6F0754121CE0506700F7BB95 /* AppDelegate.swift in Sources */,
				6FBE93771CF7F53800211447 /* EditRestaurantTableViewController.swift in Sources */,
				6F0754481CE0510400F7BB95 /* Restaurant.swift in Sources */,
				6F0754441CE0510300F7BB95 /* AddViewController.swift in Sources */,
				6F4DE9BB1CE4561800B68597 /* ConnectionManager.swift in Sources */,
				6F4DE9B81CE4116400B68597 /* User.swift in Sources */,
				6FE8BD621CEDCCEE00C4CDDB /* ImageUpload.swift in Sources */,
				DD1367661CE18BAD00658692 /* CustomCell.swift in Sources */,
				6FBE93751CF7F24600211447 /* AddRestaurantTableViewController.swift in Sources */,
				6FE694861CEAB12A009A295D /* LoginAndSignUpTableVC.swift in Sources */,
				6F8CFED31CFD31830040CE06 /* ListRestaurantTableViewCell.swift in Sources */,
				6F4DE9CB1CE4834000B68597 /* Constant.swift in Sources */,
				6F8CFED11CFD30AC0040CE06 /* ListRestaurantTableViewController.swift in Sources */,
				6FE8BD601CEDB03900C4CDDB /* ResponseRestaurant.swift in Sources */,
			);
			runOnlyForDeploymentPostprocessing = 0;
		};
		6F07541E1CE0506700F7BB95 /* Sources */ = {
			isa = PBXSourcesBuildPhase;
			buildActionMask = 2147483647;
			files = (
				6F0754271CE0506700F7BB95 /* KARestaurantTests.swift in Sources */,
			);
			runOnlyForDeploymentPostprocessing = 0;
		};
		6F0754291CE0506700F7BB95 /* Sources */ = {
			isa = PBXSourcesBuildPhase;
			buildActionMask = 2147483647;
			files = (
				6F0754321CE0506700F7BB95 /* KARestaurantUITests.swift in Sources */,
			);
			runOnlyForDeploymentPostprocessing = 0;
		};
/* End PBXSourcesBuildPhase section */

/* Begin PBXTargetDependency section */
		6F0754241CE0506700F7BB95 /* PBXTargetDependency */ = {
			isa = PBXTargetDependency;
			target = 6F07540D1CE0506700F7BB95 /* KARestaurant */;
			targetProxy = 6F0754231CE0506700F7BB95 /* PBXContainerItemProxy */;
		};
		6F07542F1CE0506700F7BB95 /* PBXTargetDependency */ = {
			isa = PBXTargetDependency;
			target = 6F07540D1CE0506700F7BB95 /* KARestaurant */;
			targetProxy = 6F07542E1CE0506700F7BB95 /* PBXContainerItemProxy */;
		};
/* End PBXTargetDependency section */

/* Begin PBXVariantGroup section */
		6F0754151CE0506700F7BB95 /* Main.storyboard */ = {
			isa = PBXVariantGroup;
			children = (
				6F0754161CE0506700F7BB95 /* Base */,
			);
			name = Main.storyboard;
			sourceTree = "<group>";
		};
		6F07541A1CE0506700F7BB95 /* LaunchScreen.storyboard */ = {
			isa = PBXVariantGroup;
			children = (
				6F07541B1CE0506700F7BB95 /* Base */,
			);
			name = LaunchScreen.storyboard;
			sourceTree = "<group>";
		};
/* End PBXVariantGroup section */

/* Begin XCBuildConfiguration section */
		6F0754341CE0506700F7BB95 /* Debug */ = {
			isa = XCBuildConfiguration;
			buildSettings = {
				ALWAYS_SEARCH_USER_PATHS = NO;
				CLANG_ANALYZER_NONNULL = YES;
				CLANG_CXX_LANGUAGE_STANDARD = "gnu++0x";
				CLANG_CXX_LIBRARY = "libc++";
				CLANG_ENABLE_MODULES = YES;
				CLANG_ENABLE_OBJC_ARC = YES;
				CLANG_WARN_BOOL_CONVERSION = YES;
				CLANG_WARN_CONSTANT_CONVERSION = YES;
				CLANG_WARN_DIRECT_OBJC_ISA_USAGE = YES_ERROR;
				CLANG_WARN_EMPTY_BODY = YES;
				CLANG_WARN_ENUM_CONVERSION = YES;
				CLANG_WARN_INT_CONVERSION = YES;
				CLANG_WARN_OBJC_ROOT_CLASS = YES_ERROR;
				CLANG_WARN_UNREACHABLE_CODE = YES;
				CLANG_WARN__DUPLICATE_METHOD_MATCH = YES;
				"CODE_SIGN_IDENTITY[sdk=iphoneos*]" = "iPhone Developer";
				COPY_PHASE_STRIP = NO;
				DEBUG_INFORMATION_FORMAT = dwarf;
				ENABLE_STRICT_OBJC_MSGSEND = YES;
				ENABLE_TESTABILITY = YES;
				GCC_C_LANGUAGE_STANDARD = gnu99;
				GCC_DYNAMIC_NO_PIC = NO;
				GCC_NO_COMMON_BLOCKS = YES;
				GCC_OPTIMIZATION_LEVEL = 0;
				GCC_PREPROCESSOR_DEFINITIONS = (
					"DEBUG=1",
					"$(inherited)",
				);
				GCC_WARN_64_TO_32_BIT_CONVERSION = YES;
				GCC_WARN_ABOUT_RETURN_TYPE = YES_ERROR;
				GCC_WARN_UNDECLARED_SELECTOR = YES;
				GCC_WARN_UNINITIALIZED_AUTOS = YES_AGGRESSIVE;
				GCC_WARN_UNUSED_FUNCTION = YES;
				GCC_WARN_UNUSED_VARIABLE = YES;
				IPHONEOS_DEPLOYMENT_TARGET = 9.3;
				MTL_ENABLE_DEBUG_INFO = YES;
				ONLY_ACTIVE_ARCH = YES;
				SDKROOT = iphoneos;
				SWIFT_OPTIMIZATION_LEVEL = "-Onone";
				TARGETED_DEVICE_FAMILY = "1,2";
			};
			name = Debug;
		};
		6F0754351CE0506700F7BB95 /* Release */ = {
			isa = XCBuildConfiguration;
			buildSettings = {
				ALWAYS_SEARCH_USER_PATHS = NO;
				CLANG_ANALYZER_NONNULL = YES;
				CLANG_CXX_LANGUAGE_STANDARD = "gnu++0x";
				CLANG_CXX_LIBRARY = "libc++";
				CLANG_ENABLE_MODULES = YES;
				CLANG_ENABLE_OBJC_ARC = YES;
				CLANG_WARN_BOOL_CONVERSION = YES;
				CLANG_WARN_CONSTANT_CONVERSION = YES;
				CLANG_WARN_DIRECT_OBJC_ISA_USAGE = YES_ERROR;
				CLANG_WARN_EMPTY_BODY = YES;
				CLANG_WARN_ENUM_CONVERSION = YES;
				CLANG_WARN_INT_CONVERSION = YES;
				CLANG_WARN_OBJC_ROOT_CLASS = YES_ERROR;
				CLANG_WARN_UNREACHABLE_CODE = YES;
				CLANG_WARN__DUPLICATE_METHOD_MATCH = YES;
				"CODE_SIGN_IDENTITY[sdk=iphoneos*]" = "iPhone Developer";
				COPY_PHASE_STRIP = NO;
				DEBUG_INFORMATION_FORMAT = "dwarf-with-dsym";
				ENABLE_NS_ASSERTIONS = NO;
				ENABLE_STRICT_OBJC_MSGSEND = YES;
				GCC_C_LANGUAGE_STANDARD = gnu99;
				GCC_NO_COMMON_BLOCKS = YES;
				GCC_WARN_64_TO_32_BIT_CONVERSION = YES;
				GCC_WARN_ABOUT_RETURN_TYPE = YES_ERROR;
				GCC_WARN_UNDECLARED_SELECTOR = YES;
				GCC_WARN_UNINITIALIZED_AUTOS = YES_AGGRESSIVE;
				GCC_WARN_UNUSED_FUNCTION = YES;
				GCC_WARN_UNUSED_VARIABLE = YES;
				IPHONEOS_DEPLOYMENT_TARGET = 9.3;
				MTL_ENABLE_DEBUG_INFO = NO;
				SDKROOT = iphoneos;
				TARGETED_DEVICE_FAMILY = "1,2";
				VALIDATE_PRODUCT = YES;
			};
			name = Release;
		};
		6F0754371CE0506700F7BB95 /* Debug */ = {
			isa = XCBuildConfiguration;
			baseConfigurationReference = 829D481180FBB97F0A76979C /* Pods-KARestaurant.debug.xcconfig */;
			buildSettings = {
				ASSETCATALOG_COMPILER_APPICON_NAME = AppIcon;
				CLANG_ENABLE_MODULES = YES;
				INFOPLIST_FILE = KARestaurant/Info.plist;
				IPHONEOS_DEPLOYMENT_TARGET = 9.0;
				LD_RUNPATH_SEARCH_PATHS = "$(inherited) @executable_path/Frameworks";
				PRODUCT_BUNDLE_IDENTIFIER = com.kshrd.KARestaurant;
				PRODUCT_NAME = "$(TARGET_NAME)";
				SWIFT_OPTIMIZATION_LEVEL = "-Onone";
			};
			name = Debug;
		};
		6F0754381CE0506700F7BB95 /* Release */ = {
			isa = XCBuildConfiguration;
			baseConfigurationReference = BBF7508860EC2A71E4FEF057 /* Pods-KARestaurant.release.xcconfig */;
			buildSettings = {
				ASSETCATALOG_COMPILER_APPICON_NAME = AppIcon;
				CLANG_ENABLE_MODULES = YES;
				INFOPLIST_FILE = KARestaurant/Info.plist;
				IPHONEOS_DEPLOYMENT_TARGET = 9.0;
				LD_RUNPATH_SEARCH_PATHS = "$(inherited) @executable_path/Frameworks";
				PRODUCT_BUNDLE_IDENTIFIER = com.kshrd.KARestaurant;
				PRODUCT_NAME = "$(TARGET_NAME)";
			};
			name = Release;
		};
		6F07543A1CE0506700F7BB95 /* Debug */ = {
			isa = XCBuildConfiguration;
			buildSettings = {
				BUNDLE_LOADER = "$(TEST_HOST)";
				INFOPLIST_FILE = KARestaurantTests/Info.plist;
				LD_RUNPATH_SEARCH_PATHS = "$(inherited) @executable_path/Frameworks @loader_path/Frameworks";
				PRODUCT_BUNDLE_IDENTIFIER = com.kshrd.KARestaurantTests;
				PRODUCT_NAME = "$(TARGET_NAME)";
				TEST_HOST = "$(BUILT_PRODUCTS_DIR)/KARestaurant.app/KARestaurant";
			};
			name = Debug;
		};
		6F07543B1CE0506700F7BB95 /* Release */ = {
			isa = XCBuildConfiguration;
			buildSettings = {
				BUNDLE_LOADER = "$(TEST_HOST)";
				INFOPLIST_FILE = KARestaurantTests/Info.plist;
				LD_RUNPATH_SEARCH_PATHS = "$(inherited) @executable_path/Frameworks @loader_path/Frameworks";
				PRODUCT_BUNDLE_IDENTIFIER = com.kshrd.KARestaurantTests;
				PRODUCT_NAME = "$(TARGET_NAME)";
				TEST_HOST = "$(BUILT_PRODUCTS_DIR)/KARestaurant.app/KARestaurant";
			};
			name = Release;
		};
		6F07543D1CE0506700F7BB95 /* Debug */ = {
			isa = XCBuildConfiguration;
			buildSettings = {
				INFOPLIST_FILE = KARestaurantUITests/Info.plist;
				LD_RUNPATH_SEARCH_PATHS = "$(inherited) @executable_path/Frameworks @loader_path/Frameworks";
				PRODUCT_BUNDLE_IDENTIFIER = com.kshrd.KARestaurantUITests;
				PRODUCT_NAME = "$(TARGET_NAME)";
				TEST_TARGET_NAME = KARestaurant;
			};
			name = Debug;
		};
		6F07543E1CE0506700F7BB95 /* Release */ = {
			isa = XCBuildConfiguration;
			buildSettings = {
				INFOPLIST_FILE = KARestaurantUITests/Info.plist;
				LD_RUNPATH_SEARCH_PATHS = "$(inherited) @executable_path/Frameworks @loader_path/Frameworks";
				PRODUCT_BUNDLE_IDENTIFIER = com.kshrd.KARestaurantUITests;
				PRODUCT_NAME = "$(TARGET_NAME)";
				TEST_TARGET_NAME = KARestaurant;
			};
			name = Release;
		};
/* End XCBuildConfiguration section */

/* Begin XCConfigurationList section */
		6F0754091CE0506700F7BB95 /* Build configuration list for PBXProject "KARestaurant" */ = {
			isa = XCConfigurationList;
			buildConfigurations = (
				6F0754341CE0506700F7BB95 /* Debug */,
				6F0754351CE0506700F7BB95 /* Release */,
			);
			defaultConfigurationIsVisible = 0;
			defaultConfigurationName = Release;
		};
		6F0754361CE0506700F7BB95 /* Build configuration list for PBXNativeTarget "KARestaurant" */ = {
			isa = XCConfigurationList;
			buildConfigurations = (
				6F0754371CE0506700F7BB95 /* Debug */,
				6F0754381CE0506700F7BB95 /* Release */,
			);
			defaultConfigurationIsVisible = 0;
			defaultConfigurationName = Release;
		};
		6F0754391CE0506700F7BB95 /* Build configuration list for PBXNativeTarget "KARestaurantTests" */ = {
			isa = XCConfigurationList;
			buildConfigurations = (
				6F07543A1CE0506700F7BB95 /* Debug */,
				6F07543B1CE0506700F7BB95 /* Release */,
			);
			defaultConfigurationIsVisible = 0;
			defaultConfigurationName = Release;
		};
		6F07543C1CE0506700F7BB95 /* Build configuration list for PBXNativeTarget "KARestaurantUITests" */ = {
			isa = XCConfigurationList;
			buildConfigurations = (
				6F07543D1CE0506700F7BB95 /* Debug */,
				6F07543E1CE0506700F7BB95 /* Release */,
			);
			defaultConfigurationIsVisible = 0;
			defaultConfigurationName = Release;
		};
/* End XCConfigurationList section */
	};
	rootObject = 6F0754061CE0506700F7BB95 /* Project object */;
}
